
Microsoft Visual Studio Solution File, Format Version 12.00
# Visual Studio Version 17
VisualStudioVersion = 17.7.34031.279
MinimumVisualStudioVersion = 10.0.40219.1
Project("{FAE04EC0-301F-11D3-BF4B-00C04F79EFBC}") = "Semana6_Problema03", "Semana6_Problema03.csproj", "{C21B3BC7-9441-461B-A41A-B4C9EFF6403B}"
EndProject
Global
	GlobalSection(SolutionConfigurationPlatforms) = preSolution
		Debug|Any CPU = Debug|Any CPU
		Release|Any CPU = Release|Any CPU
	EndGlobalSection
	GlobalSection(ProjectConfigurationPlatforms) = postSolution
		{C21B3BC7-9441-461B-A41A-B4C9EFF6403B}.Debug|Any CPU.ActiveCfg = Debug|Any CPU
		{C21B3BC7-9441-461B-A41A-B4C9EFF6403B}.Debug|Any CPU.Build.0 = Debug|Any CPU
		{C21B3BC7-9441-461B-A41A-B4C9EFF6403B}.Release|Any CPU.ActiveCfg = Release|Any CPU
		{C21B3BC7-9441-461B-A41A-B4C9EFF6403B}.Release|Any CPU.Build.0 = Release|Any CPU
	EndGlobalSection
	GlobalSection(SolutionProperties) = preSolution
		HideSolutionNode = FALSE
	EndGlobalSection
	GlobalSection(ExtensibilityGlobals) = postSolution
		SolutionGuid = {B7AC2041-6F05-4134-8926-42CA1F4E9749}
	EndGlobalSection
EndGlobal
